// !$*UTF8*$!
{
	archiveVersion = 1;
	classes = {
	};
	objectVersion = 55;
	objects = {

/* Begin PBXBuildFile section */
		47B50B5127F69A3A007FA1D5 /* UI_527App.swift in Sources */ = {isa = PBXBuildFile; fileRef = 47B50B5027F69A3A007FA1D5 /* UI_527App.swift */; };
		47B50B5327F69A3A007FA1D5 /* ContentView.swift in Sources */ = {isa = PBXBuildFile; fileRef = 47B50B5227F69A3A007FA1D5 /* ContentView.swift */; };
		47B50B5527F69A3B007FA1D5 /* Assets.xcassets in Resources */ = {isa = PBXBuildFile; fileRef = 47B50B5427F69A3B007FA1D5 /* Assets.xcassets */; };
		47B50B5827F69A3B007FA1D5 /* Preview Assets.xcassets in Resources */ = {isa = PBXBuildFile; fileRef = 47B50B5727F69A3B007FA1D5 /* Preview Assets.xcassets */; };
		47B50B6227F69A3B007FA1D5 /* UI_527Tests.swift in Sources */ = {isa = PBXBuildFile; fileRef = 47B50B6127F69A3B007FA1D5 /* UI_527Tests.swift */; };
		47B50B6C27F69A3B007FA1D5 /* UI_527UITests.swift in Sources */ = {isa = PBXBuildFile; fileRef = 47B50B6B27F69A3B007FA1D5 /* UI_527UITests.swift */; };
		47B50B6E27F69A3B007FA1D5 /* UI_527UITestsLaunchTests.swift in Sources */ = {isa = PBXBuildFile; fileRef = 47B50B6D27F69A3B007FA1D5 /* UI_527UITestsLaunchTests.swift */; };
		47B50B7D27F69A8C007FA1D5 /* Post.swift in Sources */ = {isa = PBXBuildFile; fileRef = 47B50B7C27F69A8C007FA1D5 /* Post.swift */; };
		47B50B7F27F69AA7007FA1D5 /* Home.swift in Sources */ = {isa = PBXBuildFile; fileRef = 47B50B7E27F69AA7007FA1D5 /* Home.swift */; };
		47B50B8127F69B82007FA1D5 /* SnapCrouselView.swift in Sources */ = {isa = PBXBuildFile; fileRef = 47B50B8027F69B82007FA1D5 /* SnapCrouselView.swift */; };
/* End PBXBuildFile section */

/* Begin PBXContainerItemProxy section */
		47B50B5E27F69A3B007FA1D5 /* PBXContainerItemProxy */ = {
			isa = PBXContainerItemProxy;
			containerPortal = 47B50B4527F69A3A007FA1D5 /* Project object */;
			proxyType = 1;
			remoteGlobalIDString = 47B50B4C27F69A3A007FA1D5;
			remoteInfo = "UI-527";
		};
		47B50B6827F69A3B007FA1D5 /* PBXContainerItemProxy */ = {
			isa = PBXContainerItemProxy;
			containerPortal = 47B50B4527F69A3A007FA1D5 /* Project object */;
			proxyType = 1;
			remoteGlobalIDString = 47B50B4C27F69A3A007FA1D5;
			remoteInfo = "UI-527";
		};
/* End PBXContainerItemProxy section */

/* Begin PBXFileReference section */
		47B50B4D27F69A3A007FA1D5 /* UI-527.app */ = {isa = PBXFileReference; explicitFileType = wrapper.application; includeInIndex = 0; path = "UI-527.app"; sourceTree = BUILT_PRODUCTS_DIR; };
		47B50B5027F69A3A007FA1D5 /* UI_527App.swift */ = {isa = PBXFileReference; lastKnownFileType = sourcecode.swift; path = UI_527App.swift; sourceTree = "<group>"; };
		47B50B5227F69A3A007FA1D5 /* ContentView.swift */ = {isa = PBXFileReference; lastKnownFileType = sourcecode.swift; path = ContentView.swift; sourceTree = "<group>"; };
		47B50B5427F69A3B007FA1D5 /* Assets.xcassets */ = {isa = PBXFileReference; lastKnownFileType = folder.assetcatalog; path = Assets.xcassets; sourceTree = "<group>"; };
		47B50B5727F69A3B007FA1D5 /* Preview Assets.xcassets */ = {isa = PBXFileReference; lastKnownFileType = folder.assetcatalog; path = "Preview Assets.xcassets"; sourceTree = "<group>"; };
		47B50B5D27F69A3B007FA1D5 /* UI-527Tests.xctest */ = {isa = PBXFileReference; explicitFileType = wrapper.cfbundle; includeInIndex = 0; path = "UI-527Tests.xctest"; sourceTree = BUILT_PRODUCTS_DIR; };
		47B50B6127F69A3B007FA1D5 /* UI_527Tests.swift */ = {isa = PBXFileReference; lastKnownFileType = sourcecode.swift; path = UI_527Tests.swift; sourceTree = "<group>"; };
		47B50B6727F69A3B007FA1D5 /* UI-527UITests.xctest */ = {isa = PBXFileReference; explicitFileType = wrapper.cfbundle; includeInIndex = 0; path = "UI-527UITests.xctest"; sourceTree = BUILT_PRODUCTS_DIR; };
		47B50B6B27F69A3B007FA1D5 /* UI_527UITests.swift */ = {isa = PBXFileReference; lastKnownFileType = sourcecode.swift; path = UI_527UITests.swift; sourceTree = "<group>"; };
		47B50B6D27F69A3B007FA1D5 /* UI_527UITestsLaunchTests.swift */ = {isa = PBXFileReference; lastKnownFileType = sourcecode.swift; path = UI_527UITestsLaunchTests.swift; sourceTree = "<group>"; };
		47B50B7C27F69A8C007FA1D5 /* Post.swift */ = {isa = PBXFileReference; lastKnownFileType = sourcecode.swift; path = Post.swift; sourceTree = "<group>"; };
		47B50B7E27F69AA7007FA1D5 /* Home.swift */ = {isa = PBXFileReference; lastKnownFileType = sourcecode.swift; path = Home.swift; sourceTree = "<group>"; };
		47B50B8027F69B82007FA1D5 /* SnapCrouselView.swift */ = {isa = PBXFileReference; lastKnownFileType = sourcecode.swift; path = SnapCrouselView.swift; sourceTree = "<group>"; };
/* End PBXFileReference section */

/* Begin PBXFrameworksBuildPhase section */
		47B50B4A27F69A3A007FA1D5 /* Frameworks */ = {
			isa = PBXFrameworksBuildPhase;
			buildActionMask = 2147483647;
			files = (
			);
			runOnlyForDeploymentPostprocessing = 0;
		};
		47B50B5A27F69A3B007FA1D5 /* Frameworks */ = {
			isa = PBXFrameworksBuildPhase;
			buildActionMask = 2147483647;
			files = (
			);
			runOnlyForDeploymentPostprocessing = 0;
		};
		47B50B6427F69A3B007FA1D5 /* Frameworks */ = {
			isa = PBXFrameworksBuildPhase;
			buildActionMask = 2147483647;
			files = (
			);
			runOnlyForDeploymentPostprocessing = 0;
		};
/* End PBXFrameworksBuildPhase section */

/* Begin PBXGroup section */
		47B50B4427F69A3A007FA1D5 = {
			isa = PBXGroup;
			children = (
				47B50B4F27F69A3A007FA1D5 /* UI-527 */,
				47B50B6027F69A3B007FA1D5 /* UI-527Tests */,
				47B50B6A27F69A3B007FA1D5 /* UI-527UITests */,
				47B50B4E27F69A3A007FA1D5 /* Products */,
			);
			sourceTree = "<group>";
		};
		47B50B4E27F69A3A007FA1D5 /* Products */ = {
			isa = PBXGroup;
			children = (
				47B50B4D27F69A3A007FA1D5 /* UI-527.app */,
				47B50B5D27F69A3B007FA1D5 /* UI-527Tests.xctest */,
				47B50B6727F69A3B007FA1D5 /* UI-527UITests.xctest */,
			);
			name = Products;
			sourceTree = "<group>";
		};
		47B50B4F27F69A3A007FA1D5 /* UI-527 */ = {
			isa = PBXGroup;
			children = (
				47B50B7B27F69A86007FA1D5 /* Model */,
				47B50B7A27F69A81007FA1D5 /* View */,
				47B50B5027F69A3A007FA1D5 /* UI_527App.swift */,
				47B50B5227F69A3A007FA1D5 /* ContentView.swift */,
				47B50B5427F69A3B007FA1D5 /* Assets.xcassets */,
				47B50B5627F69A3B007FA1D5 /* Preview Content */,
			);
			path = "UI-527";
			sourceTree = "<group>";
		};
		47B50B5627F69A3B007FA1D5 /* Preview Content */ = {
			isa = PBXGroup;
			children = (
				47B50B5727F69A3B007FA1D5 /* Preview Assets.xcassets */,
			);
			path = "Preview Content";
			sourceTree = "<group>";
		};
		47B50B6027F69A3B007FA1D5 /* UI-527Tests */ = {
			isa = PBXGroup;
			children = (
				47B50B6127F69A3B007FA1D5 /* UI_527Tests.swift */,
			);
			path = "UI-527Tests";
			sourceTree = "<group>";
		};
		47B50B6A27F69A3B007FA1D5 /* UI-527UITests */ = {
			isa = PBXGroup;
			children = (
				47B50B6B27F69A3B007FA1D5 /* UI_527UITests.swift */,
				47B50B6D27F69A3B007FA1D5 /* UI_527UITestsLaunchTests.swift */,
			);
			path = "UI-527UITests";
			sourceTree = "<group>";
		};
		47B50B7A27F69A81007FA1D5 /* View */ = {
			isa = PBXGroup;
			children = (
				47B50B7E27F69AA7007FA1D5 /* Home.swift */,
				47B50B8027F69B82007FA1D5 /* SnapCrouselView.swift */,
			);
			path = View;
			sourceTree = "<group>";
		};
		47B50B7B27F69A86007FA1D5 /* Model */ = {
			isa = PBXGroup;
			children = (
				47B50B7C27F69A8C007FA1D5 /* Post.swift */,
			);
			path = Model;
			sourceTree = "<group>";
		};
/* End PBXGroup section */

/* Begin PBXNativeTarget section */
		47B50B4C27F69A3A007FA1D5 /* UI-527 */ = {
			isa = PBXNativeTarget;
			buildConfigurationList = 47B50B7127F69A3B007FA1D5 /* Build configuration list for PBXNativeTarget "UI-527" */;
			buildPhases = (
				47B50B4927F69A3A007FA1D5 /* Sources */,
				47B50B4A27F69A3A007FA1D5 /* Frameworks */,
				47B50B4B27F69A3A007FA1D5 /* Resources */,
			);
			buildRules = (
			);
			dependencies = (
			);
			name = "UI-527";
			productName = "UI-527";
			productReference = 47B50B4D27F69A3A007FA1D5 /* UI-527.app */;
			productType = "com.apple.product-type.application";
		};
		47B50B5C27F69A3B007FA1D5 /* UI-527Tests */ = {
			isa = PBXNativeTarget;
			buildConfigurationList = 47B50B7427F69A3B007FA1D5 /* Build configuration list for PBXNativeTarget "UI-527Tests" */;
			buildPhases = (
				47B50B5927F69A3B007FA1D5 /* Sources */,
				47B50B5A27F69A3B007FA1D5 /* Frameworks */,
				47B50B5B27F69A3B007FA1D5 /* Resources */,
			);
			buildRules = (
			);
			dependencies = (
				47B50B5F27F69A3B007FA1D5 /* PBXTargetDependency */,
			);
			name = "UI-527Tests";
			productName = "UI-527Tests";
			productReference = 47B50B5D27F69A3B007FA1D5 /* UI-527Tests.xctest */;
			productType = "com.apple.product-type.bundle.unit-test";
		};
		47B50B6627F69A3B007FA1D5 /* UI-527UITests */ = {
			isa = PBXNativeTarget;
			buildConfigurationList = 47B50B7727F69A3B007FA1D5 /* Build configuration list for PBXNativeTarget "UI-527UITests" */;
			buildPhases = (
				47B50B6327F69A3B007FA1D5 /* Sources */,
				47B50B6427F69A3B007FA1D5 /* Frameworks */,
				47B50B6527F69A3B007FA1D5 /* Resources */,
			);
			buildRules = (
			);
			dependencies = (
				47B50B6927F69A3B007FA1D5 /* PBXTargetDependency */,
			);
			name = "UI-527UITests";
			productName = "UI-527UITests";
			productReference = 47B50B6727F69A3B007FA1D5 /* UI-527UITests.xctest */;
			productType = "com.apple.product-type.bundle.ui-testing";
		};
/* End PBXNativeTarget section */

/* Begin PBXProject section */
		47B50B4527F69A3A007FA1D5 /* Project object */ = {
			isa = PBXProject;
			attributes = {
				BuildIndependentTargetsInParallel = 1;
				LastSwiftUpdateCheck = 1330;
				LastUpgradeCheck = 1330;
				TargetAttributes = {
					47B50B4C27F69A3A007FA1D5 = {
						CreatedOnToolsVersion = 13.3;
					};
					47B50B5C27F69A3B007FA1D5 = {
						CreatedOnToolsVersion = 13.3;
						TestTargetID = 47B50B4C27F69A3A007FA1D5;
					};
					47B50B6627F69A3B007FA1D5 = {
						CreatedOnToolsVersion = 13.3;
						TestTargetID = 47B50B4C27F69A3A007FA1D5;
					};
				};
			};
			buildConfigurationList = 47B50B4827F69A3A007FA1D5 /* Build configuration list for PBXProject "UI-527" */;
			compatibilityVersion = "Xcode 13.0";
			developmentRegion = en;
			hasScannedForEncodings = 0;
			knownRegions = (
				en,
				Base,
			);
			mainGroup = 47B50B4427F69A3A007FA1D5;
			productRefGroup = 47B50B4E27F69A3A007FA1D5 /* Products */;
			projectDirPath = "";
			projectRoot = "";
			targets = (
				47B50B4C27F69A3A007FA1D5 /* UI-527 */,
				47B50B5C27F69A3B007FA1D5 /* UI-527Tests */,
				47B50B6627F69A3B007FA1D5 /* UI-527UITests */,
			);
		};
/* End PBXProject section */

/* Begin PBXResourcesBuildPhase section */
		47B50B4B27F69A3A007FA1D5 /* Resources */ = {
			isa = PBXResourcesBuildPhase;
			buildActionMask = 2147483647;
			files = (
				47B50B5827F69A3B007FA1D5 /* Preview Assets.xcassets in Resources */,
				47B50B5527F69A3B007FA1D5 /* Assets.xcassets in Resources */,
			);
			runOnlyForDeploymentPostprocessing = 0;
		};
		47B50B5B27F69A3B007FA1D5 /* Resources */ = {
			isa = PBXResourcesBuildPhase;
			buildActionMask = 2147483647;
			files = (
			);
			runOnlyForDeploymentPostprocessing = 0;
		};
		47B50B6527F69A3B007FA1D5 /* Resources */ = {
			isa = PBXResourcesBuildPhase;
			buildActionMask = 2147483647;
			files = (
			);
			runOnlyForDeploymentPostprocessing = 0;
		};
/* End PBXResourcesBuildPhase section */

/* Begin PBXSourcesBuildPhase section */
		47B50B4927F69A3A007FA1D5 /* Sources */ = {
			isa = PBXSourcesBuildPhase;
			buildActionMask = 2147483647;
			files = (
				47B50B8127F69B82007FA1D5 /* SnapCrouselView.swift in Sources */,
				47B50B7D27F69A8C007FA1D5 /* Post.swift in Sources */,
				47B50B5327F69A3A007FA1D5 /* ContentView.swift in Sources */,
				47B50B7F27F69AA7007FA1D5 /* Home.swift in Sources */,
				47B50B5127F69A3A007FA1D5 /* UI_527App.swift in Sources */,
			);
			runOnlyForDeploymentPostprocessing = 0;
		};
		47B50B5927F69A3B007FA1D5 /* Sources */ = {
			isa = PBXSourcesBuildPhase;
			buildActionMask = 2147483647;
			files = (
				47B50B6227F69A3B007FA1D5 /* UI_527Tests.swift in Sources */,
			);
			runOnlyForDeploymentPostprocessing = 0;
		};
		47B50B6327F69A3B007FA1D5 /* Sources */ = {
			isa = PBXSourcesBuildPhase;
			buildActionMask = 2147483647;
			files = (
				47B50B6C27F69A3B007FA1D5 /* UI_527UITests.swift in Sources */,
				47B50B6E27F69A3B007FA1D5 /* UI_527UITestsLaunchTests.swift in Sources */,
			);
			runOnlyForDeploymentPostprocessing = 0;
		};
/* End PBXSourcesBuildPhase section */

/* Begin PBXTargetDependency section */
		47B50B5F27F69A3B007FA1D5 /* PBXTargetDependency */ = {
			isa = PBXTargetDependency;
			target = 47B50B4C27F69A3A007FA1D5 /* UI-527 */;
			targetProxy = 47B50B5E27F69A3B007FA1D5 /* PBXContainerItemProxy */;
		};
		47B50B6927F69A3B007FA1D5 /* PBXTargetDependency */ = {
			isa = PBXTargetDependency;
			target = 47B50B4C27F69A3A007FA1D5 /* UI-527 */;
			targetProxy = 47B50B6827F69A3B007FA1D5 /* PBXContainerItemProxy */;
		};
/* End PBXTargetDependency section */

/* Begin XCBuildConfiguration section */
		47B50B6F27F69A3B007FA1D5 /* Debug */ = {
			isa = XCBuildConfiguration;
			buildSettings = {
				ALWAYS_SEARCH_USER_PATHS = NO;
				CLANG_ANALYZER_NONNULL = YES;
				CLANG_ANALYZER_NUMBER_OBJECT_CONVERSION = YES_AGGRESSIVE;
				CLANG_CXX_LANGUAGE_STANDARD = "gnu++17";
				CLANG_ENABLE_MODULES = YES;
				CLANG_ENABLE_OBJC_ARC = YES;
				CLANG_ENABLE_OBJC_WEAK = YES;
				CLANG_WARN_BLOCK_CAPTURE_AUTORELEASING = YES;
				CLANG_WARN_BOOL_CONVERSION = YES;
				CLANG_WARN_COMMA = YES;
				CLANG_WARN_CONSTANT_CONVERSION = YES;
				CLANG_WARN_DEPRECATED_OBJC_IMPLEMENTATIONS = YES;
				CLANG_WARN_DIRECT_OBJC_ISA_USAGE = YES_ERROR;
				CLANG_WARN_DOCUMENTATION_COMMENTS = YES;
				CLANG_WARN_EMPTY_BODY = YES;
				CLANG_WARN_ENUM_CONVERSION = YES;
				CLANG_WARN_INFINITE_RECURSION = YES;
				CLANG_WARN_INT_CONVERSION = YES;
				CLANG_WARN_NON_LITERAL_NULL_CONVERSION = YES;
				CLANG_WARN_OBJC_IMPLICIT_RETAIN_SELF = YES;
				CLANG_WARN_OBJC_LITERAL_CONVERSION = YES;
				CLANG_WARN_OBJC_ROOT_CLASS = YES_ERROR;
				CLANG_WARN_QUOTED_INCLUDE_IN_FRAMEWORK_HEADER = YES;
				CLANG_WARN_RANGE_LOOP_ANALYSIS = YES;
				CLANG_WARN_STRICT_PROTOTYPES = YES;
				CLANG_WARN_SUSPICIOUS_MOVE = YES;
				CLANG_WARN_UNGUARDED_AVAILABILITY = YES_AGGRESSIVE;
				CLANG_WARN_UNREACHABLE_CODE = YES;
				CLANG_WARN__DUPLICATE_METHOD_MATCH = YES;
				COPY_PHASE_STRIP = NO;
				DEBUG_INFORMATION_FORMAT = dwarf;
				ENABLE_STRICT_OBJC_MSGSEND = YES;
				ENABLE_TESTABILITY = YES;
				GCC_C_LANGUAGE_STANDARD = gnu11;
				GCC_DYNAMIC_NO_PIC = NO;
				GCC_NO_COMMON_BLOCKS = YES;
				GCC_OPTIMIZATION_LEVEL = 0;
				GCC_PREPROCESSOR_DEFINITIONS = (
					"DEBUG=1",
					"$(inherited)",
				);
				GCC_WARN_64_TO_32_BIT_CONVERSION = YES;
				GCC_WARN_ABOUT_RETURN_TYPE = YES_ERROR;
				GCC_WARN_UNDECLARED_SELECTOR = YES;
				GCC_WARN_UNINITIALIZED_AUTOS = YES_AGGRESSIVE;
				GCC_WARN_UNUSED_FUNCTION = YES;
				GCC_WARN_UNUSED_VARIABLE = YES;
				IPHONEOS_DEPLOYMENT_TARGET = 15.4;
				MTL_ENABLE_DEBUG_INFO = INCLUDE_SOURCE;
				MTL_FAST_MATH = YES;
				ONLY_ACTIVE_ARCH = YES;
				SDKROOT = iphoneos;
				SWIFT_ACTIVE_COMPILATION_CONDITIONS = DEBUG;
				SWIFT_OPTIMIZATION_LEVEL = "-Onone";
			};
			name = Debug;
		};
		47B50B7027F69A3B007FA1D5 /* Release */ = {
			isa = XCBuildConfiguration;
			buildSettings = {
				ALWAYS_SEARCH_USER_PATHS = NO;
				CLANG_ANALYZER_NONNULL = YES;
				CLANG_ANALYZER_NUMBER_OBJECT_CONVERSION = YES_AGGRESSIVE;
				CLANG_CXX_LANGUAGE_STANDARD = "gnu++17";
				CLANG_ENABLE_MODULES = YES;
				CLANG_ENABLE_OBJC_ARC = YES;
				CLANG_ENABLE_OBJC_WEAK = YES;
				CLANG_WARN_BLOCK_CAPTURE_AUTORELEASING = YES;
				CLANG_WARN_BOOL_CONVERSION = YES;
				CLANG_WARN_COMMA = YES;
				CLANG_WARN_CONSTANT_CONVERSION = YES;
				CLANG_WARN_DEPRECATED_OBJC_IMPLEMENTATIONS = YES;
				CLANG_WARN_DIRECT_OBJC_ISA_USAGE = YES_ERROR;
				CLANG_WARN_DOCUMENTATION_COMMENTS = YES;
				CLANG_WARN_EMPTY_BODY = YES;
				CLANG_WARN_ENUM_CONVERSION = YES;
				CLANG_WARN_INFINITE_RECURSION = YES;
				CLANG_WARN_INT_CONVERSION = YES;
				CLANG_WARN_NON_LITERAL_NULL_CONVERSION = YES;
				CLANG_WARN_OBJC_IMPLICIT_RETAIN_SELF = YES;
				CLANG_WARN_OBJC_LITERAL_CONVERSION = YES;
				CLANG_WARN_OBJC_ROOT_CLASS = YES_ERROR;
				CLANG_WARN_QUOTED_INCLUDE_IN_FRAMEWORK_HEADER = YES;
				CLANG_WARN_RANGE_LOOP_ANALYSIS = YES;
				CLANG_WARN_STRICT_PROTOTYPES = YES;
				CLANG_WARN_SUSPICIOUS_MOVE = YES;
				CLANG_WARN_UNGUARDED_AVAILABILITY = YES_AGGRESSIVE;
				CLANG_WARN_UNREACHABLE_CODE = YES;
				CLANG_WARN__DUPLICATE_METHOD_MATCH = YES;
				COPY_PHASE_STRIP = NO;
				DEBUG_INFORMATION_FORMAT = "dwarf-with-dsym";
				ENABLE_NS_ASSERTIONS = NO;
				ENABLE_STRICT_OBJC_MSGSEND = YES;
				GCC_C_LANGUAGE_STANDARD = gnu11;
				GCC_NO_COMMON_BLOCKS = YES;
				GCC_WARN_64_TO_32_BIT_CONVERSION = YES;
				GCC_WARN_ABOUT_RETURN_TYPE = YES_ERROR;
				GCC_WARN_UNDECLARED_SELECTOR = YES;
				GCC_WARN_UNINITIALIZED_AUTOS = YES_AGGRESSIVE;
				GCC_WARN_UNUSED_FUNCTION = YES;
				GCC_WARN_UNUSED_VARIABLE = YES;
				IPHONEOS_DEPLOYMENT_TARGET = 15.4;
				MTL_ENABLE_DEBUG_INFO = NO;
				MTL_FAST_MATH = YES;
				SDKROOT = iphoneos;
				SWIFT_COMPILATION_MODE = wholemodule;
				SWIFT_OPTIMIZATION_LEVEL = "-O";
				VALIDATE_PRODUCT = YES;
			};
			name = Release;
		};
		47B50B7227F69A3B007FA1D5 /* Debug */ = {
			isa = XCBuildConfiguration;
			buildSettings = {
				ASSETCATALOG_COMPILER_APPICON_NAME = AppIcon;
				ASSETCATALOG_COMPILER_GLOBAL_ACCENT_COLOR_NAME = AccentColor;
				CODE_SIGN_STYLE = Automatic;
				CURRENT_PROJECT_VERSION = 1;
				DEVELOPMENT_ASSET_PATHS = "\"UI-527/Preview Content\"";
				DEVELOPMENT_TEAM = 8CL4U468K5;
				ENABLE_PREVIEWS = YES;
				GENERATE_INFOPLIST_FILE = YES;
				INFOPLIST_KEY_UIApplicationSceneManifest_Generation = YES;
				INFOPLIST_KEY_UIApplicationSupportsIndirectInputEvents = YES;
				INFOPLIST_KEY_UILaunchScreen_Generation = YES;
				INFOPLIST_KEY_UISupportedInterfaceOrientations_iPad = "UIInterfaceOrientationPortrait UIInterfaceOrientationPortraitUpsideDown UIInterfaceOrientationLandscapeLeft UIInterfaceOrientationLandscapeRight";
				INFOPLIST_KEY_UISupportedInterfaceOrientations_iPhone = "UIInterfaceOrientationPortrait UIInterfaceOrientationLandscapeLeft UIInterfaceOrientationLandscapeRight";
				LD_RUNPATH_SEARCH_PATHS = (
					"$(inherited)",
					"@executable_path/Frameworks",
				);
				MARKETING_VERSION = 1.0;
				PRODUCT_BUNDLE_IDENTIFIER = "com.585.UI-527";
				PRODUCT_NAME = "$(TARGET_NAME)";
				SWIFT_EMIT_LOC_STRINGS = YES;
				SWIFT_VERSION = 5.0;
				TARGETED_DEVICE_FAMILY = "1,2";
			};
			name = Debug;
		};
		47B50B7327F69A3B007FA1D5 /* Release */ = {
			isa = XCBuildConfiguration;
			buildSettings = {
				ASSETCATALOG_COMPILER_APPICON_NAME = AppIcon;
				ASSETCATALOG_COMPILER_GLOBAL_ACCENT_COLOR_NAME = AccentColor;
				CODE_SIGN_STYLE = Automatic;
				CURRENT_PROJECT_VERSION = 1;
				DEVELOPMENT_ASSET_PATHS = "\"UI-527/Preview Content\"";
				DEVELOPMENT_TEAM = 8CL4U468K5;
				ENABLE_PREVIEWS = YES;
				GENERATE_INFOPLIST_FILE = YES;
				INFOPLIST_KEY_UIApplicationSceneManifest_Generation = YES;
				INFOPLIST_KEY_UIApplicationSupportsIndirectInputEvents = YES;
				INFOPLIST_KEY_UILaunchScreen_Generation = YES;
				INFOPLIST_KEY_UISupportedInterfaceOrientations_iPad = "UIInterfaceOrientationPortrait UIInterfaceOrientationPortraitUpsideDown UIInterfaceOrientationLandscapeLeft UIInterfaceOrientationLandscapeRight";
				INFOPLIST_KEY_UISupportedInterfaceOrientations_iPhone = "UIInterfaceOrientationPortrait UIInterfaceOrientationLandscapeLeft UIInterfaceOrientationLandscapeRight";
				LD_RUNPATH_SEARCH_PATHS = (
					"$(inherited)",
					"@executable_path/Frameworks",
				);
				MARKETING_VERSION = 1.0;
				PRODUCT_BUNDLE_IDENTIFIER = "com.585.UI-527";
				PRODUCT_NAME = "$(TARGET_NAME)";
				SWIFT_EMIT_LOC_STRINGS = YES;
				SWIFT_VERSION = 5.0;
				TARGETED_DEVICE_FAMILY = "1,2";
			};
			name = Release;
		};
		47B50B7527F69A3B007FA1D5 /* Debug */ = {
			isa = XCBuildConfiguration;
			buildSettings = {
				ALWAYS_EMBED_SWIFT_STANDARD_LIBRARIES = YES;
				BUNDLE_LOADER = "$(TEST_HOST)";
				CODE_SIGN_STYLE = Automatic;
				CURRENT_PROJECT_VERSION = 1;
				DEVELOPMENT_TEAM = 8CL4U468K5;
				GENERATE_INFOPLIST_FILE = YES;
				IPHONEOS_DEPLOYMENT_TARGET = 15.4;
				MARKETING_VERSION = 1.0;
				PRODUCT_BUNDLE_IDENTIFIER = "com.585.UI-527Tests";
				PRODUCT_NAME = "$(TARGET_NAME)";
				SWIFT_EMIT_LOC_STRINGS = NO;
				SWIFT_VERSION = 5.0;
				TARGETED_DEVICE_FAMILY = "1,2";
				TEST_HOST = "$(BUILT_PRODUCTS_DIR)/UI-527.app/UI-527";
			};
			name = Debug;
		};
		47B50B7627F69A3B007FA1D5 /* Release */ = {
			isa = XCBuildConfiguration;
			buildSettings = {
				ALWAYS_EMBED_SWIFT_STANDARD_LIBRARIES = YES;
				BUNDLE_LOADER = "$(TEST_HOST)";
				CODE_SIGN_STYLE = Automatic;
				CURRENT_PROJECT_VERSION = 1;
				DEVELOPMENT_TEAM = 8CL4U468K5;
				GENERATE_INFOPLIST_FILE = YES;
				IPHONEOS_DEPLOYMENT_TARGET = 15.4;
				MARKETING_VERSION = 1.0;
				PRODUCT_BUNDLE_IDENTIFIER = "com.585.UI-527Tests";
				PRODUCT_NAME = "$(TARGET_NAME)";
				SWIFT_EMIT_LOC_STRINGS = NO;
				SWIFT_VERSION = 5.0;
				TARGETED_DEVICE_FAMILY = "1,2";
				TEST_HOST = "$(BUILT_PRODUCTS_DIR)/UI-527.app/UI-527";
			};
			name = Release;
		};
		47B50B7827F69A3B007FA1D5 /* Debug */ = {
			isa = XCBuildConfiguration;
			buildSettings = {
				ALWAYS_EMBED_SWIFT_STANDARD_LIBRARIES = YES;
				CODE_SIGN_STYLE = Automatic;
				CURRENT_PROJECT_VERSION = 1;
				DEVELOPMENT_TEAM = 8CL4U468K5;
				GENERATE_INFOPLIST_FILE = YES;
				MARKETING_VERSION = 1.0;
				PRODUCT_BUNDLE_IDENTIFIER = "com.585.UI-527UITests";
				PRODUCT_NAME = "$(TARGET_NAME)";
				SWIFT_EMIT_LOC_STRINGS = NO;
				SWIFT_VERSION = 5.0;
				TARGETED_DEVICE_FAMILY = "1,2";
				TEST_TARGET_NAME = "UI-527";
			};
			name = Debug;
		};
		47B50B7927F69A3B007FA1D5 /* Release */ = {
			isa = XCBuildConfiguration;
			buildSettings = {
				ALWAYS_EMBED_SWIFT_STANDARD_LIBRARIES = YES;
				CODE_SIGN_STYLE = Automatic;
				CURRENT_PROJECT_VERSION = 1;
				DEVELOPMENT_TEAM = 8CL4U468K5;
				GENERATE_INFOPLIST_FILE = YES;
				MARKETING_VERSION = 1.0;
				PRODUCT_BUNDLE_IDENTIFIER = "com.585.UI-527UITests";
				PRODUCT_NAME = "$(TARGET_NAME)";
				SWIFT_EMIT_LOC_STRINGS = NO;
				SWIFT_VERSION = 5.0;
				TARGETED_DEVICE_FAMILY = "1,2";
				TEST_TARGET_NAME = "UI-527";
			};
			name = Release;
		};
/* End XCBuildConfiguration section */

/* Begin XCConfigurationList section */
		47B50B4827F69A3A007FA1D5 /* Build configuration list for PBXProject "UI-527" */ = {
			isa = XCConfigurationList;
			buildConfigurations = (
				47B50B6F27F69A3B007FA1D5 /* Debug */,
				47B50B7027F69A3B007FA1D5 /* Release */,
			);
			defaultConfigurationIsVisible = 0;
			defaultConfigurationName = Release;
		};
		47B50B7127F69A3B007FA1D5 /* Build configuration list for PBXNativeTarget "UI-527" */ = {
			isa = XCConfigurationList;
			buildConfigurations = (
				47B50B7227F69A3B007FA1D5 /* Debug */,
				47B50B7327F69A3B007FA1D5 /* Release */,
			);
			defaultConfigurationIsVisible = 0;
			defaultConfigurationName = Release;
		};
		47B50B7427F69A3B007FA1D5 /* Build configuration list for PBXNativeTarget "UI-527Tests" */ = {
			isa = XCConfigurationList;
			buildConfigurations = (
				47B50B7527F69A3B007FA1D5 /* Debug */,
				47B50B7627F69A3B007FA1D5 /* Release */,
			);
			defaultConfigurationIsVisible = 0;
			defaultConfigurationName = Release;
		};
		47B50B7727F69A3B007FA1D5 /* Build configuration list for PBXNativeTarget "UI-527UITests" */ = {
			isa = XCConfigurationList;
			buildConfigurations = (
				47B50B7827F69A3B007FA1D5 /* Debug */,
				47B50B7927F69A3B007FA1D5 /* Release */,
			);
			defaultConfigurationIsVisible = 0;
			defaultConfigurationName = Release;
		};
/* End XCConfigurationList section */
	};
	rootObject = 47B50B4527F69A3A007FA1D5 /* Project object */;
}
